// !$*UTF8*$!
{
	archiveVersion = 1;
	classes = {
	};
	objectVersion = 56;
	objects = {

/* Begin PBXBuildFile section */
		D1230CE629B6581600934620 /* MotoGether_iOSAppApp.swift in Sources */ = {isa = PBXBuildFile; fileRef = D1230CE529B6581600934620 /* MotoGether_iOSAppApp.swift */; };
		D1230CE829B6581600934620 /* ContentView.swift in Sources */ = {isa = PBXBuildFile; fileRef = D1230CE729B6581600934620 /* ContentView.swift */; };
		D1230CEA29B6581700934620 /* Assets.xcassets in Resources */ = {isa = PBXBuildFile; fileRef = D1230CE929B6581700934620 /* Assets.xcassets */; };
		D1230CED29B6581700934620 /* Preview Assets.xcassets in Resources */ = {isa = PBXBuildFile; fileRef = D1230CEC29B6581700934620 /* Preview Assets.xcassets */; };
		D1230CF529B65C0200934620 /* HomeView.swift in Sources */ = {isa = PBXBuildFile; fileRef = D1230CF429B65C0200934620 /* HomeView.swift */; };
		D1230CF729B65C3500934620 /* AddPathView.swift in Sources */ = {isa = PBXBuildFile; fileRef = D1230CF629B65C3500934620 /* AddPathView.swift */; };
		D12C9F2129B8AA140081D01F /* SignInView.swift in Sources */ = {isa = PBXBuildFile; fileRef = D12C9F2029B8AA140081D01F /* SignInView.swift */; };
		D12C9F2429B8B1930081D01F /* AuthViewModel.swift in Sources */ = {isa = PBXBuildFile; fileRef = D12C9F2329B8B1930081D01F /* AuthViewModel.swift */; };
		D12C9F2729B8BF1C0081D01F /* SignUpView.swift in Sources */ = {isa = PBXBuildFile; fileRef = D12C9F2629B8BF1C0081D01F /* SignUpView.swift */; };
		D1F3102129B7A3CA0021B9C5 /* CustomTabBar.swift in Sources */ = {isa = PBXBuildFile; fileRef = D1F3102029B7A3CA0021B9C5 /* CustomTabBar.swift */; };
		D1F3102329B7ADFA0021B9C5 /* CustomTopBar.swift in Sources */ = {isa = PBXBuildFile; fileRef = D1F3102229B7ADFA0021B9C5 /* CustomTopBar.swift */; };
/* End PBXBuildFile section */

/* Begin PBXFileReference section */
		D1230CE229B6581600934620 /* MotoGether-iOSApp.app */ = {isa = PBXFileReference; explicitFileType = wrapper.application; includeInIndex = 0; path = "MotoGether-iOSApp.app"; sourceTree = BUILT_PRODUCTS_DIR; };
		D1230CE529B6581600934620 /* MotoGether_iOSAppApp.swift */ = {isa = PBXFileReference; lastKnownFileType = sourcecode.swift; path = MotoGether_iOSAppApp.swift; sourceTree = "<group>"; };
		D1230CE729B6581600934620 /* ContentView.swift */ = {isa = PBXFileReference; lastKnownFileType = sourcecode.swift; path = ContentView.swift; sourceTree = "<group>"; };
		D1230CE929B6581700934620 /* Assets.xcassets */ = {isa = PBXFileReference; lastKnownFileType = folder.assetcatalog; path = Assets.xcassets; sourceTree = "<group>"; };
		D1230CEC29B6581700934620 /* Preview Assets.xcassets */ = {isa = PBXFileReference; lastKnownFileType = folder.assetcatalog; path = "Preview Assets.xcassets"; sourceTree = "<group>"; };
		D1230CF429B65C0200934620 /* HomeView.swift */ = {isa = PBXFileReference; lastKnownFileType = sourcecode.swift; path = HomeView.swift; sourceTree = "<group>"; };
		D1230CF629B65C3500934620 /* AddPathView.swift */ = {isa = PBXFileReference; lastKnownFileType = sourcecode.swift; path = AddPathView.swift; sourceTree = "<group>"; };
		D12C9F2029B8AA140081D01F /* SignInView.swift */ = {isa = PBXFileReference; lastKnownFileType = sourcecode.swift; path = SignInView.swift; sourceTree = "<group>"; };
		D12C9F2329B8B1930081D01F /* AuthViewModel.swift */ = {isa = PBXFileReference; lastKnownFileType = sourcecode.swift; path = AuthViewModel.swift; sourceTree = "<group>"; };
		D12C9F2629B8BF1C0081D01F /* SignUpView.swift */ = {isa = PBXFileReference; lastKnownFileType = sourcecode.swift; path = SignUpView.swift; sourceTree = "<group>"; };
		D1F3102029B7A3CA0021B9C5 /* CustomTabBar.swift */ = {isa = PBXFileReference; lastKnownFileType = sourcecode.swift; path = CustomTabBar.swift; sourceTree = "<group>"; };
		D1F3102229B7ADFA0021B9C5 /* CustomTopBar.swift */ = {isa = PBXFileReference; lastKnownFileType = sourcecode.swift; path = CustomTopBar.swift; sourceTree = "<group>"; };
/* End PBXFileReference section */

/* Begin PBXFrameworksBuildPhase section */
		D1230CDF29B6581600934620 /* Frameworks */ = {
			isa = PBXFrameworksBuildPhase;
			buildActionMask = 2147483647;
			files = (
			);
			runOnlyForDeploymentPostprocessing = 0;
		};
/* End PBXFrameworksBuildPhase section */

/* Begin PBXGroup section */
		D1230CD929B6581600934620 = {
			isa = PBXGroup;
			children = (
				D1230CE429B6581600934620 /* MotoGether-iOSApp */,
				D1230CE329B6581600934620 /* Products */,
			);
			sourceTree = "<group>";
		};
		D1230CE329B6581600934620 /* Products */ = {
			isa = PBXGroup;
			children = (
				D1230CE229B6581600934620 /* MotoGether-iOSApp.app */,
			);
			name = Products;
			sourceTree = "<group>";
		};
		D1230CE429B6581600934620 /* MotoGether-iOSApp */ = {
			isa = PBXGroup;
			children = (
				D1230CF829B65FA300934620 /* Navigation */,
				D1230CF329B65BEE00934620 /* Views */,
				D12C9F2229B8B15E0081D01F /* ViewModels */,
				D1230CE529B6581600934620 /* MotoGether_iOSAppApp.swift */,
				D1230CE729B6581600934620 /* ContentView.swift */,
				D1230CE929B6581700934620 /* Assets.xcassets */,
				D1230CEB29B6581700934620 /* Preview Content */,
			);
			path = "MotoGether-iOSApp";
			sourceTree = "<group>";
		};
		D1230CEB29B6581700934620 /* Preview Content */ = {
			isa = PBXGroup;
			children = (
				D1230CEC29B6581700934620 /* Preview Assets.xcassets */,
			);
			path = "Preview Content";
			sourceTree = "<group>";
		};
		D1230CF329B65BEE00934620 /* Views */ = {
			isa = PBXGroup;
			children = (
				D12C9F2529B8BF0B0081D01F /* Auth */,
				D1230CF429B65C0200934620 /* HomeView.swift */,
				D1230CF629B65C3500934620 /* AddPathView.swift */,
			);
			path = Views;
			sourceTree = "<group>";
		};
		D1230CF829B65FA300934620 /* Navigation */ = {
			isa = PBXGroup;
			children = (
				D1F3102029B7A3CA0021B9C5 /* CustomTabBar.swift */,
				D1F3102229B7ADFA0021B9C5 /* CustomTopBar.swift */,
			);
			path = Navigation;
			sourceTree = "<group>";
		};
		D12C9F2229B8B15E0081D01F /* ViewModels */ = {
			isa = PBXGroup;
			children = (
				D12C9F2329B8B1930081D01F /* AuthViewModel.swift */,
			);
			path = ViewModels;
			sourceTree = "<group>";
		};
		D12C9F2529B8BF0B0081D01F /* Auth */ = {
			isa = PBXGroup;
			children = (
				D12C9F2029B8AA140081D01F /* SignInView.swift */,
				D12C9F2629B8BF1C0081D01F /* SignUpView.swift */,
			);
			path = Auth;
			sourceTree = "<group>";
		};
/* End PBXGroup section */

/* Begin PBXNativeTarget section */
		D1230CE129B6581600934620 /* MotoGether-iOSApp */ = {
			isa = PBXNativeTarget;
			buildConfigurationList = D1230CF029B6581700934620 /* Build configuration list for PBXNativeTarget "MotoGether-iOSApp" */;
			buildPhases = (
				D1230CDE29B6581600934620 /* Sources */,
				D1230CDF29B6581600934620 /* Frameworks */,
				D1230CE029B6581600934620 /* Resources */,
			);
			buildRules = (
			);
			dependencies = (
			);
			name = "MotoGether-iOSApp";
			productName = "MotoGether-iOSApp";
			productReference = D1230CE229B6581600934620 /* MotoGether-iOSApp.app */;
			productType = "com.apple.product-type.application";
		};
/* End PBXNativeTarget section */

/* Begin PBXProject section */
		D1230CDA29B6581600934620 /* Project object */ = {
			isa = PBXProject;
			attributes = {
				BuildIndependentTargetsInParallel = 1;
				LastSwiftUpdateCheck = 1410;
				LastUpgradeCheck = 1410;
				TargetAttributes = {
					D1230CE129B6581600934620 = {
						CreatedOnToolsVersion = 14.1;
					};
				};
			};
			buildConfigurationList = D1230CDD29B6581600934620 /* Build configuration list for PBXProject "MotoGether-iOSApp" */;
			compatibilityVersion = "Xcode 14.0";
			developmentRegion = en;
			hasScannedForEncodings = 0;
			knownRegions = (
				en,
				Base,
			);
			mainGroup = D1230CD929B6581600934620;
			productRefGroup = D1230CE329B6581600934620 /* Products */;
			projectDirPath = "";
			projectRoot = "";
			targets = (
				D1230CE129B6581600934620 /* MotoGether-iOSApp */,
			);
		};
/* End PBXProject section */

/* Begin PBXResourcesBuildPhase section */
		D1230CE029B6581600934620 /* Resources */ = {
			isa = PBXResourcesBuildPhase;
			buildActionMask = 2147483647;
			files = (
				D1230CED29B6581700934620 /* Preview Assets.xcassets in Resources */,
				D1230CEA29B6581700934620 /* Assets.xcassets in Resources */,
			);
			runOnlyForDeploymentPostprocessing = 0;
		};
/* End PBXResourcesBuildPhase section */

/* Begin PBXSourcesBuildPhase section */
		D1230CDE29B6581600934620 /* Sources */ = {
			isa = PBXSourcesBuildPhase;
			buildActionMask = 2147483647;
			files = (
				D1230CF529B65C0200934620 /* HomeView.swift in Sources */,
				D12C9F2129B8AA140081D01F /* SignInView.swift in Sources */,
				D1F3102129B7A3CA0021B9C5 /* CustomTabBar.swift in Sources */,
				D1230CF729B65C3500934620 /* AddPathView.swift in Sources */,
				D1230CE829B6581600934620 /* ContentView.swift in Sources */,
				D1F3102329B7ADFA0021B9C5 /* CustomTopBar.swift in Sources */,
				D1230CE629B6581600934620 /* MotoGether_iOSAppApp.swift in Sources */,
				D12C9F2729B8BF1C0081D01F /* SignUpView.swift in Sources */,
				D12C9F2429B8B1930081D01F /* AuthViewModel.swift in Sources */,
			);
			runOnlyForDeploymentPostprocessing = 0;
		};
/* End PBXSourcesBuildPhase section */

/* Begin XCBuildConfiguration section */
		D1230CEE29B6581700934620 /* Debug */ = {
			isa = XCBuildConfiguration;
			buildSettings = {
				ALWAYS_SEARCH_USER_PATHS = NO;
				CLANG_ANALYZER_NONNULL = YES;
				CLANG_ANALYZER_NUMBER_OBJECT_CONVERSION = YES_AGGRESSIVE;
				CLANG_CXX_LANGUAGE_STANDARD = "gnu++20";
				CLANG_ENABLE_MODULES = YES;
				CLANG_ENABLE_OBJC_ARC = YES;
				CLANG_ENABLE_OBJC_WEAK = YES;
				CLANG_WARN_BLOCK_CAPTURE_AUTORELEASING = YES;
				CLANG_WARN_BOOL_CONVERSION = YES;
				CLANG_WARN_COMMA = YES;
				CLANG_WARN_CONSTANT_CONVERSION = YES;
				CLANG_WARN_DEPRECATED_OBJC_IMPLEMENTATIONS = YES;
				CLANG_WARN_DIRECT_OBJC_ISA_USAGE = YES_ERROR;
				CLANG_WARN_DOCUMENTATION_COMMENTS = YES;
				CLANG_WARN_EMPTY_BODY = YES;
				CLANG_WARN_ENUM_CONVERSION = YES;
				CLANG_WARN_INFINITE_RECURSION = YES;
				CLANG_WARN_INT_CONVERSION = YES;
				CLANG_WARN_NON_LITERAL_NULL_CONVERSION = YES;
				CLANG_WARN_OBJC_IMPLICIT_RETAIN_SELF = YES;
				CLANG_WARN_OBJC_LITERAL_CONVERSION = YES;
				CLANG_WARN_OBJC_ROOT_CLASS = YES_ERROR;
				CLANG_WARN_QUOTED_INCLUDE_IN_FRAMEWORK_HEADER = YES;
				CLANG_WARN_RANGE_LOOP_ANALYSIS = YES;
				CLANG_WARN_STRICT_PROTOTYPES = YES;
				CLANG_WARN_SUSPICIOUS_MOVE = YES;
				CLANG_WARN_UNGUARDED_AVAILABILITY = YES_AGGRESSIVE;
				CLANG_WARN_UNREACHABLE_CODE = YES;
				CLANG_WARN__DUPLICATE_METHOD_MATCH = YES;
				COPY_PHASE_STRIP = NO;
				DEBUG_INFORMATION_FORMAT = dwarf;
				ENABLE_STRICT_OBJC_MSGSEND = YES;
				ENABLE_TESTABILITY = YES;
				GCC_C_LANGUAGE_STANDARD = gnu11;
				GCC_DYNAMIC_NO_PIC = NO;
				GCC_NO_COMMON_BLOCKS = YES;
				GCC_OPTIMIZATION_LEVEL = 0;
				GCC_PREPROCESSOR_DEFINITIONS = (
					"DEBUG=1",
					"$(inherited)",
				);
				GCC_WARN_64_TO_32_BIT_CONVERSION = YES;
				GCC_WARN_ABOUT_RETURN_TYPE = YES_ERROR;
				GCC_WARN_UNDECLARED_SELECTOR = YES;
				GCC_WARN_UNINITIALIZED_AUTOS = YES_AGGRESSIVE;
				GCC_WARN_UNUSED_FUNCTION = YES;
				GCC_WARN_UNUSED_VARIABLE = YES;
				IPHONEOS_DEPLOYMENT_TARGET = 16.1;
				MTL_ENABLE_DEBUG_INFO = INCLUDE_SOURCE;
				MTL_FAST_MATH = YES;
				ONLY_ACTIVE_ARCH = YES;
				SDKROOT = iphoneos;
				SWIFT_ACTIVE_COMPILATION_CONDITIONS = DEBUG;
				SWIFT_OPTIMIZATION_LEVEL = "-Onone";
			};
			name = Debug;
		};
		D1230CEF29B6581700934620 /* Release */ = {
			isa = XCBuildConfiguration;
			buildSettings = {
				ALWAYS_SEARCH_USER_PATHS = NO;
				CLANG_ANALYZER_NONNULL = YES;
				CLANG_ANALYZER_NUMBER_OBJECT_CONVERSION = YES_AGGRESSIVE;
				CLANG_CXX_LANGUAGE_STANDARD = "gnu++20";
				CLANG_ENABLE_MODULES = YES;
				CLANG_ENABLE_OBJC_ARC = YES;
				CLANG_ENABLE_OBJC_WEAK = YES;
				CLANG_WARN_BLOCK_CAPTURE_AUTORELEASING = YES;
				CLANG_WARN_BOOL_CONVERSION = YES;
				CLANG_WARN_COMMA = YES;
				CLANG_WARN_CONSTANT_CONVERSION = YES;
				CLANG_WARN_DEPRECATED_OBJC_IMPLEMENTATIONS = YES;
				CLANG_WARN_DIRECT_OBJC_ISA_USAGE = YES_ERROR;
				CLANG_WARN_DOCUMENTATION_COMMENTS = YES;
				CLANG_WARN_EMPTY_BODY = YES;
				CLANG_WARN_ENUM_CONVERSION = YES;
				CLANG_WARN_INFINITE_RECURSION = YES;
				CLANG_WARN_INT_CONVERSION = YES;
				CLANG_WARN_NON_LITERAL_NULL_CONVERSION = YES;
				CLANG_WARN_OBJC_IMPLICIT_RETAIN_SELF = YES;
				CLANG_WARN_OBJC_LITERAL_CONVERSION = YES;
				CLANG_WARN_OBJC_ROOT_CLASS = YES_ERROR;
				CLANG_WARN_QUOTED_INCLUDE_IN_FRAMEWORK_HEADER = YES;
				CLANG_WARN_RANGE_LOOP_ANALYSIS = YES;
				CLANG_WARN_STRICT_PROTOTYPES = YES;
				CLANG_WARN_SUSPICIOUS_MOVE = YES;
				CLANG_WARN_UNGUARDED_AVAILABILITY = YES_AGGRESSIVE;
				CLANG_WARN_UNREACHABLE_CODE = YES;
				CLANG_WARN__DUPLICATE_METHOD_MATCH = YES;
				COPY_PHASE_STRIP = NO;
				DEBUG_INFORMATION_FORMAT = "dwarf-with-dsym";
				ENABLE_NS_ASSERTIONS = NO;
				ENABLE_STRICT_OBJC_MSGSEND = YES;
				GCC_C_LANGUAGE_STANDARD = gnu11;
				GCC_NO_COMMON_BLOCKS = YES;
				GCC_WARN_64_TO_32_BIT_CONVERSION = YES;
				GCC_WARN_ABOUT_RETURN_TYPE = YES_ERROR;
				GCC_WARN_UNDECLARED_SELECTOR = YES;
				GCC_WARN_UNINITIALIZED_AUTOS = YES_AGGRESSIVE;
				GCC_WARN_UNUSED_FUNCTION = YES;
				GCC_WARN_UNUSED_VARIABLE = YES;
				IPHONEOS_DEPLOYMENT_TARGET = 16.1;
				MTL_ENABLE_DEBUG_INFO = NO;
				MTL_FAST_MATH = YES;
				SDKROOT = iphoneos;
				SWIFT_COMPILATION_MODE = wholemodule;
				SWIFT_OPTIMIZATION_LEVEL = "-O";
				VALIDATE_PRODUCT = YES;
			};
			name = Release;
		};
		D1230CF129B6581700934620 /* Debug */ = {
			isa = XCBuildConfiguration;
			buildSettings = {
				ASSETCATALOG_COMPILER_APPICON_NAME = AppIcon;
				ASSETCATALOG_COMPILER_GLOBAL_ACCENT_COLOR_NAME = AccentColor;
				CODE_SIGN_STYLE = Automatic;
				CURRENT_PROJECT_VERSION = 1;
				DEVELOPMENT_ASSET_PATHS = "\"MotoGether-iOSApp/Preview Content\"";
				DEVELOPMENT_TEAM = P5D6DDS7PX;
				ENABLE_PREVIEWS = YES;
				GENERATE_INFOPLIST_FILE = YES;
				INFOPLIST_KEY_UIApplicationSceneManifest_Generation = YES;
				INFOPLIST_KEY_UIApplicationSupportsIndirectInputEvents = YES;
				INFOPLIST_KEY_UILaunchScreen_Generation = YES;
				INFOPLIST_KEY_UISupportedInterfaceOrientations_iPad = "UIInterfaceOrientationPortrait UIInterfaceOrientationPortraitUpsideDown UIInterfaceOrientationLandscapeLeft UIInterfaceOrientationLandscapeRight";
				INFOPLIST_KEY_UISupportedInterfaceOrientations_iPhone = "UIInterfaceOrientationPortrait UIInterfaceOrientationLandscapeLeft UIInterfaceOrientationLandscapeRight";
				LD_RUNPATH_SEARCH_PATHS = (
					"$(inherited)",
					"@executable_path/Frameworks",
				);
				MARKETING_VERSION = 1.0;
				PRODUCT_BUNDLE_IDENTIFIER = "blazcerpnjak.MotoGether-iOSApp";
				PRODUCT_NAME = "$(TARGET_NAME)";
				SWIFT_EMIT_LOC_STRINGS = YES;
				SWIFT_VERSION = 5.0;
				TARGETED_DEVICE_FAMILY = "1,2";
			};
			name = Debug;
		};
		D1230CF229B6581700934620 /* Release */ = {
			isa = XCBuildConfiguration;
			buildSettings = {
				ASSETCATALOG_COMPILER_APPICON_NAME = AppIcon;
				ASSETCATALOG_COMPILER_GLOBAL_ACCENT_COLOR_NAME = AccentColor;
				CODE_SIGN_STYLE = Automatic;
				CURRENT_PROJECT_VERSION = 1;
				DEVELOPMENT_ASSET_PATHS = "\"MotoGether-iOSApp/Preview Content\"";
				DEVELOPMENT_TEAM = P5D6DDS7PX;
				ENABLE_PREVIEWS = YES;
				GENERATE_INFOPLIST_FILE = YES;
				INFOPLIST_KEY_UIApplicationSceneManifest_Generation = YES;
				INFOPLIST_KEY_UIApplicationSupportsIndirectInputEvents = YES;
				INFOPLIST_KEY_UILaunchScreen_Generation = YES;
				INFOPLIST_KEY_UISupportedInterfaceOrientations_iPad = "UIInterfaceOrientationPortrait UIInterfaceOrientationPortraitUpsideDown UIInterfaceOrientationLandscapeLeft UIInterfaceOrientationLandscapeRight";
				INFOPLIST_KEY_UISupportedInterfaceOrientations_iPhone = "UIInterfaceOrientationPortrait UIInterfaceOrientationLandscapeLeft UIInterfaceOrientationLandscapeRight";
				LD_RUNPATH_SEARCH_PATHS = (
					"$(inherited)",
					"@executable_path/Frameworks",
				);
				MARKETING_VERSION = 1.0;
				PRODUCT_BUNDLE_IDENTIFIER = "blazcerpnjak.MotoGether-iOSApp";
				PRODUCT_NAME = "$(TARGET_NAME)";
				SWIFT_EMIT_LOC_STRINGS = YES;
				SWIFT_VERSION = 5.0;
				TARGETED_DEVICE_FAMILY = "1,2";
			};
			name = Release;
		};
/* End XCBuildConfiguration section */

/* Begin XCConfigurationList section */
		D1230CDD29B6581600934620 /* Build configuration list for PBXProject "MotoGether-iOSApp" */ = {
			isa = XCConfigurationList;
			buildConfigurations = (
				D1230CEE29B6581700934620 /* Debug */,
				D1230CEF29B6581700934620 /* Release */,
			);
			defaultConfigurationIsVisible = 0;
			defaultConfigurationName = Release;
		};
		D1230CF029B6581700934620 /* Build configuration list for PBXNativeTarget "MotoGether-iOSApp" */ = {
			isa = XCConfigurationList;
			buildConfigurations = (
				D1230CF129B6581700934620 /* Debug */,
				D1230CF229B6581700934620 /* Release */,
			);
			defaultConfigurationIsVisible = 0;
			defaultConfigurationName = Release;
		};
/* End XCConfigurationList section */
	};
	rootObject = D1230CDA29B6581600934620 /* Project object */;
}
